# THIS IS AN AUTOGENERATED FILE. DO NOT EDIT THIS FILE DIRECTLY.
# yarn lockfile v1


ansi-styles@^7.0.0:
  version "7.0.0"
  resolved "https://registry.yarnpkg.com/ansi-styles/-/ansi-styles-7.0.0.tgz#859089a725560e235a41fecde8999196df6c78c0"
  integrity sha512-kKvt3m4uwzqL0wlkPd09CmljPJGOZZ4D0fP65sqFSvPkMRKhNi+74MgIJ5QxE6SxqB4t4KyUFGg8+n5zjo6hew==

cross-spawn@^7.0.6:
  version "7.0.6"
  resolved "https://registry.yarnpkg.com/cross-spawn/-/cross-spawn-7.0.6.tgz#8a58fe78f00dcd70c370451759dfbfaf03e8ee9f"
  integrity sha512-uV2QOWP2nWzsy2aMp8aRibhi9dlzF5Hgh5SHaB9OiTGEyDTiJJyx0uy51QXdyWbtAHNua4XJzUKca3OzKUd3vA==
  dependencies:
    path-key "^3.1.0"
    shebang-command "^2.0.0"
    which "^2.0.1"

isexe@^2.0.0:
  version "2.0.0"
  resolved "https://registry.yarnpkg.com/isexe/-/isexe-2.0.0.tgz#e8fbf374dc556ff8947a10dcb0572d633f2cfa10"
  integrity sha512-RHxMLp9lnKHGHRng9QFhRCMbYAcVpn69smSGcq3f36xjgVVWThj4qqLbTLlq7Ssj8B+fIQ1EuCEGI2lKsyQeIw==

isexe@^4.0.0:
  version "4.0.0"
  resolved "https://registry.yarnpkg.com/isexe/-/isexe-4.0.0.tgz#48f6576af8e87a18feb796b7ed5e2e5903b43dca"
  integrity sha512-FFUtZMpoZ8RqHS3XeXEmHWLA4thH+ZxCv2lOiPIn1Xc7CxrqhWzNSDzD+/chS/zbYezmiwWLdQC09JdQKmthOw==

json-parse-even-better-errors@^6.0.0:
  version "6.0.0"
  resolved "https://registry.yarnpkg.com/json-parse-even-better-errors/-/json-parse-even-better-errors-6.0.0.tgz#9e5289a06286e65d5be15cb4dc178aecbf222196"
  integrity sha512-2/8adwnK1/+Fdjyts4r6wSpfANWw8zdNhU9U/Llk59c6O+DjSisPWPykwoL8gZmocP9Dy64S7oie2g+Mia123A==

memorystream@^0.3.1:
  version "0.3.1"
  resolved "https://registry.yarnpkg.com/memorystream/-/memorystream-0.3.1.tgz#86d7090b30ce455d63fbae12dda51a47ddcaf9b2"
  integrity sha512-S3UwM3yj5mtUSEfP41UZmt/0SCoVYUcU1rkXv+BQ5Ig8ndL4sPoJNBUJERafdPb5jjHJGuMgytgKvKIf58XNBw==

npm-normalize-package-bin@^6.0.0:
  version "6.0.0"
  resolved "https://registry.yarnpkg.com/npm-normalize-package-bin/-/npm-normalize-package-bin-6.0.0.tgz#d8cc44d7a9eff2a2a210e9b2442edf3824f2d227"
  integrity sha512-tdt4aFn9QamlhdN3HV2D2ccpBwO5/fyjjbXUxYA6uBjyekMZcZvDq0aSj9t5Jo+tih6AYFnt/cuIRn9013e0Uw==

npm-run-all2@^9.0.3:
  version "9.0.3"
  resolved "https://registry.yarnpkg.com/npm-run-all2/-/npm-run-all2-9.0.3.tgz#2e7f3979b30c019e5b2dbf846ec9aca1478a0c02"
  integrity sha512-BQAEdU1PtYc48qYRdghW2BVTQT3VqWCoFQmO87NlM1h1PYwMCKQpUWaNyB20V26caNzFsXQDfyOdznLlHCih6g==
  dependencies:
    ansi-styles "^7.0.0"
    cross-spawn "^7.0.6"
    memorystream "^0.3.1"
    picomatch "^4.0.2"
    pidtree "^1.0.0"
    read-package-json-fast "^6.0.0"
    shell-quote "^1.8.4"
    which "^7.0.0"

path-key@^3.1.0:
  version "3.1.1"
  resolved "https://registry.yarnpkg.com/path-key/-/path-key-3.1.1.tgz#581f6ade658cbba65a0d3380de7753295054f375"
  integrity sha512-ojmeN0qd+y0jszEtoY48r0Peq5dwMEkIlCOu6Q5f41lfkswXuKtYrhgoTpLnyIcHm24Uhqx+5Tqm2InSwLhE6Q==

picomatch@^4.0.2:
  version "4.0.5"
  resolved "https://registry.yarnpkg.com/picomatch/-/picomatch-4.0.5.tgz#51ea57a17d86f605f81039595fbc40ed06a55fab"
  integrity sha512-RvwwcruNjI1ncT5xRakeyS9Lf8lcItv34KD+aif+VH9kduAyfYBipGh12274xtenIPZ119/R9BdTBa8gAwSh0A==

pidtree@^1.0.0:
  version "1.0.0"
  resolved "https://registry.yarnpkg.com/pidtree/-/pidtree-1.0.0.tgz#55a9b149ba64519a8b46781165a122a34f4a6d31"
  integrity sha512-avfAvjB9Dd0wdj3rjJX//yS+G79OO0KrS5pJHFJENjYGX6N4SMgEDBBI/yFy0lloOYSaC6XQxzpOAMPfSYFV/Q==

read-package-json-fast@^6.0.0:
  version "6.0.0"
  resolved "https://registry.yarnpkg.com/read-package-json-fast/-/read-package-json-fast-6.0.0.tgz#e5b546823467a0716d661df665e27983139af0a6"
  integrity sha512-PNaGjoCnw9DBA2Kl8D+8po957z778q/HOPuY2u3Bkw/JO3eC8MDx7jn/PgMtSgpcBbs+6UOjDbwReGpXmRvs0g==
  dependencies:
    json-parse-even-better-errors "^6.0.0"
    npm-normalize-package-bin "^6.0.0"

shebang-command@^2.0.0:
  version "2.0.0"
  resolved "https://registry.yarnpkg.com/shebang-command/-/shebang-command-2.0.0.tgz#ccd0af4f8835fbdc265b82461aaf0c36663f34ea"
  integrity sha512-kHxr2zZpYtdmrN1qDjrrX/Z1rR1kG8Dx+gkpK1G4eXmvXswmcE1hTWBWYUzlraYw1/yZp6YuDY77YtvbN0dmDA==
  dependencies:
    shebang-regex "^3.0.0"

shebang-regex@^3.0.0:
  version "3.0.0"
  resolved "https://registry.yarnpkg.com/shebang-regex/-/shebang-regex-3.0.0.tgz#ae16f1644d873ecad843b0307b143362d4c42172"
  integrity sha512-7++dFhtcx3353uBaq8DDR4NuxBetBzC7ZQOhmTQInHEd6bSrXdiEyzCvG07Z44UYdLShWUyXt5M/yhz8ekcb1A==

shell-quote@^1.8.4:
  version "1.10.0"
  resolved "https://registry.yarnpkg.com/shell-quote/-/shell-quote-1.10.0.tgz#482033e192e4f5c07151521ffa03400ec71b1b0f"
  integrity sha512-w1aiOKwKuRgtwAReIIj89puqg+I7GvX4IbLrvmhXbzQsj1+Zwi4VO3+fa6ZF91TWSjIxoEkKnMeHcLEODK5ZXA==

which@^2.0.1:
  version "2.0.2"
  resolved "https://registry.yarnpkg.com/which/-/which-2.0.2.tgz#7c6a8dd0a636a0327e10b59c9286eee93f3f51b1"
  integrity sha512-BLI3Tl1TW3Pvl70l3yq3Y64i+awpwXqsGBYWkkqMtnbXgrMD+yj7rhW0kuEDxzJaYXGjEW5ogapKNMEKNMjibA==
  dependencies:
    isexe "^2.0.0"

which@^7.0.0:
  version "7.0.0"
  resolved "https://registry.yarnpkg.com/which/-/which-7.0.0.tgz#cdfdd7bfc31c5af050b97bc7c02b1844731fb8b2"
  integrity sha512-RancgH2dmbLdHl6LRhEqvklWMgl/Hdnun0Y90KhBOLkMefg8Qa7/Zel8Sm+8HEcP6DEjzsWzpkuBQEZok58isA==
  dependencies:
    isexe "^4.0.0"
